<?xml version="1.0" encoding="utf-8"?>
<Project ToolsVersion="4.0" xmlns="http://schemas.microsoft.com/developer/msbuild/2003">
  <ItemGroup>
    <Filter Include="Header Files">
      <UniqueIdentifier>{93995380-89BD-4b04-88EB-625FBE52EBFB}</UniqueIdentifier>
      <Extensions>h;hh;hpp;hxx;h++;hm;inl;inc;ipp;xsd</Extensions>
    </Filter>
    <Filter Include="Resource Files">
      <UniqueIdentifier>{67DA6AB6-F800-4c08-8B7A-83BB121AAD01}</UniqueIdentifier>
      <Extensions>rc;ico;cur;bmp;dlg;rc2;rct;bin;rgs;gif;jpg;jpeg;jpe;resx;tiff;tif;png;wav;mfcribbon-ms</Extensions>
    </Filter>
    <Filter Include="Source Files">
      <UniqueIdentifier>{4FC737F1-C7A5-4376-A066-2A32D752A2FF}</UniqueIdentifier>
      <Extensions>cpp;c;cc;cxx;c++;cppm;ixx;def;odl;idl;hpj;bat;asm;asmx</Extensions>
    </Filter>
  </ItemGroup>
  <ItemGroup>
    <ClCompile Include="pdcmain.cpp">
      <Filter>Source Files</Filter>
    </ClCompile>
    <ClCompile Include="account.cpp">
      <Filter>Source Files</Filter>
    </ClCompile>
    <ClCompile Include="date.cpp">
      <Filter>Source Files</Filter>
    </ClCompile>
    <ClCompile Include="creditcard.cpp">
      <Filter>Source Files</Filter>
    </ClCompile>
    <ClCompile Include="mortgage.cpp">
      <Filter>Source Files</Filter>
    </ClCompile>
    <ClCompile Include="scenario.cpp">
      <Filter>Source Files</Filter>
    </ClCompile>
    <ClCompile Include="cd.cpp">
      <Filter>Source Files</Filter>
    </ClCompile>
    <ClCompile Include="money.cpp">
      <Filter>Source Files</Filter>
    </ClCompile>
    <ClCompile Include="debit.cpp">
      <Filter>Source Files</Filter>
    </ClCompile>
    <ClCompile Include="porto.cpp">
      <Filter>Source Files</Filter>
    </ClCompile>
    <ClCompile Include="bond.cpp">
      <Filter>Source Files</Filter>
    </ClCompile>
    <ClCompile Include="client.cpp">
      <Filter>Source Files</Filter>
    </ClCompile>
    <ClCompile Include="clientlist.cpp">
      <Filter>Source Files</Filter>
    </ClCompile>
    <ClCompile Include="clientstatistics.cpp">
      <Filter>Source Files</Filter>
    </ClCompile>
    <ClCompile Include="list.cpp">
      <Filter>Source Files</Filter>
    </ClCompile>
    <ClCompile Include="hieraccount.cpp">
      <Filter>Source Files</Filter>
    </ClCompile>
    <ClCompile Include="transaction.cpp">
      <Filter>Source Files</Filter>
    </ClCompile>
    <ClCompile Include="cdwrap.cpp">
      <Filter>Source Files</Filter>
    </ClCompile>
    <ClCompile Include="except.cpp">
      <Filter>Source Files</Filter>
    </ClCompile>
  </ItemGroup>
  <ItemGroup>
    <ClInclude Include="account.h">
      <Filter>Header Files</Filter>
    </ClInclude>
    <ClInclude Include="date.h">
      <Filter>Header Files</Filter>
    </ClInclude>
    <ClInclude Include="creditcard.h">
      <Filter>Header Files</Filter>
    </ClInclude>
    <ClInclude Include="mortgage.h">
      <Filter>Header Files</Filter>
    </ClInclude>
    <ClInclude Include="scenario.h">
      <Filter>Header Files</Filter>
    </ClInclude>
    <ClInclude Include="cd.h">
      <Filter>Header Files</Filter>
    </ClInclude>
    <ClInclude Include="money.h">
      <Filter>Header Files</Filter>
    </ClInclude>
    <ClInclude Include="debit.h">
      <Filter>Header Files</Filter>
    </ClInclude>
    <ClInclude Include="porto.h">
      <Filter>Header Files</Filter>
    </ClInclude>
    <ClInclude Include="bond.h">
      <Filter>Header Files</Filter>
    </ClInclude>
    <ClInclude Include="client.h">
      <Filter>Header Files</Filter>
    </ClInclude>
    <ClInclude Include="clientlist.h">
      <Filter>Header Files</Filter>
    </ClInclude>
    <ClInclude Include="clientstatistics.h">
      <Filter>Header Files</Filter>
    </ClInclude>
    <ClInclude Include="list.h">
      <Filter>Header Files</Filter>
    </ClInclude>
    <ClInclude Include="hieraccout.h">
      <Filter>Header Files</Filter>
    </ClInclude>
    <ClInclude Include="transaction.h">
      <Filter>Header Files</Filter>
    </ClInclude>
    <ClInclude Include="cdwrap.h">
      <Filter>Header Files</Filter>
    </ClInclude>
    <ClInclude Include="except.h">
      <Filter>Header Files</Filter>
    </ClInclude>
  </ItemGroup>
</Project>